
Microsoft Visual Studio Solution File, Format Version 12.00
# Visual Studio Version 17
VisualStudioVersion = 17.3.32804.467
MinimumVisualStudioVersion = 10.0.40219.1
Project("{9A19103F-16F7-4668-BE54-9A1E7A4F7556}") = "TravelAllowance", "TravelAllowance\TravelAllowance.csproj", "{192FDD35-7720-4A81-B7E5-BEF5DDFA8938}"
EndProject
Project("{FAE04EC0-301F-11D3-BF4B-00C04F79EFBC}") = "TravelAllowanceWebApp", "TravelAllowanceWebApp\TravelAllowanceWebApp.csproj", "{B52BF089-AA26-4671-BBF6-7FE2B7573990}"
EndProject
Global
	GlobalSection(SolutionConfigurationPlatforms) = preSolution
		Debug|Any CPU = Debug|Any CPU
		Release|Any CPU = Release|Any CPU
	EndGlobalSection
	GlobalSection(ProjectConfigurationPlatforms) = postSolution
		{192FDD35-7720-4A81-B7E5-BEF5DDFA8938}.Debug|Any CPU.ActiveCfg = Debug|Any CPU
		{192FDD35-7720-4A81-B7E5-BEF5DDFA8938}.Debug|Any CPU.Build.0 = Debug|Any CPU
		{192FDD35-7720-4A81-B7E5-BEF5DDFA8938}.Release|Any CPU.ActiveCfg = Release|Any CPU
		{192FDD35-7720-4A81-B7E5-BEF5DDFA8938}.Release|Any CPU.Build.0 = Release|Any CPU
		{B52BF089-AA26-4671-BBF6-7FE2B7573990}.Debug|Any CPU.ActiveCfg = Debug|Any CPU
		{B52BF089-AA26-4671-BBF6-7FE2B7573990}.Debug|Any CPU.Build.0 = Debug|Any CPU
		{B52BF089-AA26-4671-BBF6-7FE2B7573990}.Release|Any CPU.ActiveCfg = Release|Any CPU
		{B52BF089-AA26-4671-BBF6-7FE2B7573990}.Release|Any CPU.Build.0 = Release|Any CPU
	EndGlobalSection
	GlobalSection(SolutionProperties) = preSolution
		HideSolutionNode = FALSE
	EndGlobalSection
	GlobalSection(ExtensibilityGlobals) = postSolution
		SolutionGuid = {6EF0653F-73B7-413E-8BAA-2E5CE3850808}
	EndGlobalSection
EndGlobal
